// !$*UTF8*$!
{
	archiveVersion = 1;
	classes = {
	};
	objectVersion = 51;
	objects = {

/* Begin PBXBuildFile section */
		6054C757A559894E947355FA /* Pods_VrboCodingChallenge.framework in Frameworks */ = {isa = PBXBuildFile; fileRef = 986E5D8B5FD35A483AB9B2E1 /* Pods_VrboCodingChallenge.framework */; };
		E38A1010239D5D9A009189BB /* AppDelegate.swift in Sources */ = {isa = PBXBuildFile; fileRef = E38A100F239D5D9A009189BB /* AppDelegate.swift */; };
		E38A1012239D5D9A009189BB /* SceneDelegate.swift in Sources */ = {isa = PBXBuildFile; fileRef = E38A1011239D5D9A009189BB /* SceneDelegate.swift */; };
		E38A1019239D5D9D009189BB /* Assets.xcassets in Resources */ = {isa = PBXBuildFile; fileRef = E38A1018239D5D9D009189BB /* Assets.xcassets */; };
		E38A101C239D5D9D009189BB /* LaunchScreen.storyboard in Resources */ = {isa = PBXBuildFile; fileRef = E38A101A239D5D9D009189BB /* LaunchScreen.storyboard */; };
		E38A1027239D5D9D009189BB /* VrboCodingChallengeTests.swift in Sources */ = {isa = PBXBuildFile; fileRef = E38A1026239D5D9D009189BB /* VrboCodingChallengeTests.swift */; };
		E38A1039239D6592009189BB /* SearchScreenViewController.swift in Sources */ = {isa = PBXBuildFile; fileRef = E38A1038239D6592009189BB /* SearchScreenViewController.swift */; };
		E38A103C239D65F5009189BB /* TableViewDataSource.swift in Sources */ = {isa = PBXBuildFile; fileRef = E38A103B239D65F5009189BB /* TableViewDataSource.swift */; };
		E38A103E239D6604009189BB /* SearchBarDelegate.swift in Sources */ = {isa = PBXBuildFile; fileRef = E38A103D239D6604009189BB /* SearchBarDelegate.swift */; };
		E38A1042239D6873009189BB /* TeamDataTableViewCell.swift in Sources */ = {isa = PBXBuildFile; fileRef = E38A1041239D6873009189BB /* TeamDataTableViewCell.swift */; };
		E38A1044239D69E0009189BB /* TeamsListViewModel.swift in Sources */ = {isa = PBXBuildFile; fileRef = E38A1043239D69E0009189BB /* TeamsListViewModel.swift */; };
		E38A1046239D6B6D009189BB /* NetworkUtility.swift in Sources */ = {isa = PBXBuildFile; fileRef = E38A1045239D6B6D009189BB /* NetworkUtility.swift */; };
		E38A1048239D6B76009189BB /* NetworkService.swift in Sources */ = {isa = PBXBuildFile; fileRef = E38A1047239D6B76009189BB /* NetworkService.swift */; };
		E38A104A239D6BCB009189BB /* Teams.swift in Sources */ = {isa = PBXBuildFile; fileRef = E38A1049239D6BCB009189BB /* Teams.swift */; };
		E38A104C239D8239009189BB /* TableViewDelegate.swift in Sources */ = {isa = PBXBuildFile; fileRef = E38A104B239D8239009189BB /* TableViewDelegate.swift */; };
		E38A1052239D9EDB009189BB /* unfavorite.png in Resources */ = {isa = PBXBuildFile; fileRef = E38A1050239D9EDB009189BB /* unfavorite.png */; };
		E38A1071239DA81F009189BB /* placeholder.png in Resources */ = {isa = PBXBuildFile; fileRef = E38A1070239DA81F009189BB /* placeholder.png */; };
		E38A1073239DAA02009189BB /* favorite.png in Resources */ = {isa = PBXBuildFile; fileRef = E38A1072239DAA02009189BB /* favorite.png */; };
		E38A1075239DAE9F009189BB /* TeamDetailsViewController.swift in Sources */ = {isa = PBXBuildFile; fileRef = E38A1074239DAE9F009189BB /* TeamDetailsViewController.swift */; };
/* End PBXBuildFile section */

/* Begin PBXContainerItemProxy section */
		E38A1023239D5D9D009189BB /* PBXContainerItemProxy */ = {
			isa = PBXContainerItemProxy;
			containerPortal = E38A1004239D5D9A009189BB /* Project object */;
			proxyType = 1;
			remoteGlobalIDString = E38A100B239D5D9A009189BB;
			remoteInfo = VrboCodingChallenge;
		};
/* End PBXContainerItemProxy section */

/* Begin PBXFileReference section */
		433AF2BCFF69D5D215C37138 /* Pods-VrboCodingChallenge.debug.xcconfig */ = {isa = PBXFileReference; includeInIndex = 1; lastKnownFileType = text.xcconfig; name = "Pods-VrboCodingChallenge.debug.xcconfig"; path = "Target Support Files/Pods-VrboCodingChallenge/Pods-VrboCodingChallenge.debug.xcconfig"; sourceTree = "<group>"; };
		986E5D8B5FD35A483AB9B2E1 /* Pods_VrboCodingChallenge.framework */ = {isa = PBXFileReference; explicitFileType = wrapper.framework; includeInIndex = 0; path = Pods_VrboCodingChallenge.framework; sourceTree = BUILT_PRODUCTS_DIR; };
		E2F8E009C3F6D5F43ADE1E93 /* Pods-VrboCodingChallenge.release.xcconfig */ = {isa = PBXFileReference; includeInIndex = 1; lastKnownFileType = text.xcconfig; name = "Pods-VrboCodingChallenge.release.xcconfig"; path = "Target Support Files/Pods-VrboCodingChallenge/Pods-VrboCodingChallenge.release.xcconfig"; sourceTree = "<group>"; };
		E38A100C239D5D9A009189BB /* VrboCodingChallenge.app */ = {isa = PBXFileReference; explicitFileType = wrapper.application; includeInIndex = 0; path = VrboCodingChallenge.app; sourceTree = BUILT_PRODUCTS_DIR; };
		E38A100F239D5D9A009189BB /* AppDelegate.swift */ = {isa = PBXFileReference; lastKnownFileType = sourcecode.swift; path = AppDelegate.swift; sourceTree = "<group>"; };
		E38A1011239D5D9A009189BB /* SceneDelegate.swift */ = {isa = PBXFileReference; lastKnownFileType = sourcecode.swift; path = SceneDelegate.swift; sourceTree = "<group>"; };
		E38A1018239D5D9D009189BB /* Assets.xcassets */ = {isa = PBXFileReference; lastKnownFileType = folder.assetcatalog; path = Assets.xcassets; sourceTree = "<group>"; };
		E38A101B239D5D9D009189BB /* Base */ = {isa = PBXFileReference; lastKnownFileType = file.storyboard; name = Base; path = Base.lproj/LaunchScreen.storyboard; sourceTree = "<group>"; };
		E38A101D239D5D9D009189BB /* Info.plist */ = {isa = PBXFileReference; lastKnownFileType = text.plist.xml; path = Info.plist; sourceTree = "<group>"; };
		E38A1022239D5D9D009189BB /* VrboCodingChallengeTests.xctest */ = {isa = PBXFileReference; explicitFileType = wrapper.cfbundle; includeInIndex = 0; path = VrboCodingChallengeTests.xctest; sourceTree = BUILT_PRODUCTS_DIR; };
		E38A1026239D5D9D009189BB /* VrboCodingChallengeTests.swift */ = {isa = PBXFileReference; lastKnownFileType = sourcecode.swift; path = VrboCodingChallengeTests.swift; sourceTree = "<group>"; };
		E38A1028239D5D9D009189BB /* Info.plist */ = {isa = PBXFileReference; lastKnownFileType = text.plist.xml; path = Info.plist; sourceTree = "<group>"; };
		E38A1038239D6592009189BB /* SearchScreenViewController.swift */ = {isa = PBXFileReference; lastKnownFileType = sourcecode.swift; path = SearchScreenViewController.swift; sourceTree = "<group>"; };
		E38A103B239D65F5009189BB /* TableViewDataSource.swift */ = {isa = PBXFileReference; lastKnownFileType = sourcecode.swift; path = TableViewDataSource.swift; sourceTree = "<group>"; };
		E38A103D239D6604009189BB /* SearchBarDelegate.swift */ = {isa = PBXFileReference; lastKnownFileType = sourcecode.swift; path = SearchBarDelegate.swift; sourceTree = "<group>"; };
		E38A1041239D6873009189BB /* TeamDataTableViewCell.swift */ = {isa = PBXFileReference; lastKnownFileType = sourcecode.swift; path = TeamDataTableViewCell.swift; sourceTree = "<group>"; };
		E38A1043239D69E0009189BB /* TeamsListViewModel.swift */ = {isa = PBXFileReference; lastKnownFileType = sourcecode.swift; path = TeamsListViewModel.swift; sourceTree = "<group>"; };
		E38A1045239D6B6D009189BB /* NetworkUtility.swift */ = {isa = PBXFileReference; lastKnownFileType = sourcecode.swift; path = NetworkUtility.swift; sourceTree = "<group>"; };
		E38A1047239D6B76009189BB /* NetworkService.swift */ = {isa = PBXFileReference; lastKnownFileType = sourcecode.swift; path = NetworkService.swift; sourceTree = "<group>"; };
		E38A1049239D6BCB009189BB /* Teams.swift */ = {isa = PBXFileReference; lastKnownFileType = sourcecode.swift; path = Teams.swift; sourceTree = "<group>"; };
		E38A104B239D8239009189BB /* TableViewDelegate.swift */ = {isa = PBXFileReference; lastKnownFileType = sourcecode.swift; path = TableViewDelegate.swift; sourceTree = "<group>"; };
		E38A1050239D9EDB009189BB /* unfavorite.png */ = {isa = PBXFileReference; lastKnownFileType = image.png; path = unfavorite.png; sourceTree = "<group>"; };
		E38A1070239DA81F009189BB /* placeholder.png */ = {isa = PBXFileReference; lastKnownFileType = image.png; path = placeholder.png; sourceTree = "<group>"; };
		E38A1072239DAA02009189BB /* favorite.png */ = {isa = PBXFileReference; lastKnownFileType = image.png; path = favorite.png; sourceTree = "<group>"; };
		E38A1074239DAE9F009189BB /* TeamDetailsViewController.swift */ = {isa = PBXFileReference; lastKnownFileType = sourcecode.swift; path = TeamDetailsViewController.swift; sourceTree = "<group>"; };
/* End PBXFileReference section */

/* Begin PBXFrameworksBuildPhase section */
		E38A1009239D5D9A009189BB /* Frameworks */ = {
			isa = PBXFrameworksBuildPhase;
			buildActionMask = 2147483647;
			files = (
				6054C757A559894E947355FA /* Pods_VrboCodingChallenge.framework in Frameworks */,
			);
			runOnlyForDeploymentPostprocessing = 0;
		};
		E38A101F239D5D9D009189BB /* Frameworks */ = {
			isa = PBXFrameworksBuildPhase;
			buildActionMask = 2147483647;
			files = (
			);
			runOnlyForDeploymentPostprocessing = 0;
		};
/* End PBXFrameworksBuildPhase section */

/* Begin PBXGroup section */
		31D25B295EB39C2E96545E3D /* Frameworks */ = {
			isa = PBXGroup;
			children = (
				986E5D8B5FD35A483AB9B2E1 /* Pods_VrboCodingChallenge.framework */,
			);
			name = Frameworks;
			sourceTree = "<group>";
		};
		522D607AB7DB3DF6914A97BC /* Pods */ = {
			isa = PBXGroup;
			children = (
				433AF2BCFF69D5D215C37138 /* Pods-VrboCodingChallenge.debug.xcconfig */,
				E2F8E009C3F6D5F43ADE1E93 /* Pods-VrboCodingChallenge.release.xcconfig */,
			);
			path = Pods;
			sourceTree = "<group>";
		};
		E38A1003239D5D9A009189BB = {
			isa = PBXGroup;
			children = (
				E38A100E239D5D9A009189BB /* VrboCodingChallenge */,
				E38A1025239D5D9D009189BB /* VrboCodingChallengeTests */,
				E38A100D239D5D9A009189BB /* Products */,
				522D607AB7DB3DF6914A97BC /* Pods */,
				31D25B295EB39C2E96545E3D /* Frameworks */,
			);
			sourceTree = "<group>";
		};
		E38A100D239D5D9A009189BB /* Products */ = {
			isa = PBXGroup;
			children = (
				E38A100C239D5D9A009189BB /* VrboCodingChallenge.app */,
				E38A1022239D5D9D009189BB /* VrboCodingChallengeTests.xctest */,
			);
			name = Products;
			sourceTree = "<group>";
		};
		E38A100E239D5D9A009189BB /* VrboCodingChallenge */ = {
			isa = PBXGroup;
			children = (
				E38A104E239D9E51009189BB /* Images */,
				E38A1031239D633D009189BB /* Screens */,
				E38A100F239D5D9A009189BB /* AppDelegate.swift */,
				E38A1011239D5D9A009189BB /* SceneDelegate.swift */,
				E38A1018239D5D9D009189BB /* Assets.xcassets */,
				E38A101A239D5D9D009189BB /* LaunchScreen.storyboard */,
				E38A101D239D5D9D009189BB /* Info.plist */,
			);
			path = VrboCodingChallenge;
			sourceTree = "<group>";
		};
		E38A1025239D5D9D009189BB /* VrboCodingChallengeTests */ = {
			isa = PBXGroup;
			children = (
				E38A1026239D5D9D009189BB /* VrboCodingChallengeTests.swift */,
				E38A1028239D5D9D009189BB /* Info.plist */,
			);
			path = VrboCodingChallengeTests;
			sourceTree = "<group>";
		};
		E38A1031239D633D009189BB /* Screens */ = {
			isa = PBXGroup;
			children = (
				E38A1032239D640E009189BB /* Search */,
				E38A1033239D6419009189BB /* Details */,
			);
			path = Screens;
			sourceTree = "<group>";
		};
		E38A1032239D640E009189BB /* Search */ = {
			isa = PBXGroup;
			children = (
				E38A1040239D67FB009189BB /* TableViewCells */,
				E38A103F239D6637009189BB /* DataSources */,
				E38A103A239D65E7009189BB /* Delegates */,
				E38A1037239D6441009189BB /* Model */,
				E38A1036239D642E009189BB /* NetworkUtility */,
				E38A1035239D6429009189BB /* ViewModel */,
				E38A1034239D6421009189BB /* ViewController */,
			);
			path = Search;
			sourceTree = "<group>";
		};
		E38A1033239D6419009189BB /* Details */ = {
			isa = PBXGroup;
			children = (
				E38A1074239DAE9F009189BB /* TeamDetailsViewController.swift */,
			);
			path = Details;
			sourceTree = "<group>";
		};
		E38A1034239D6421009189BB /* ViewController */ = {
			isa = PBXGroup;
			children = (
				E38A1038239D6592009189BB /* SearchScreenViewController.swift */,
			);
			path = ViewController;
			sourceTree = "<group>";
		};
		E38A1035239D6429009189BB /* ViewModel */ = {
			isa = PBXGroup;
			children = (
				E38A1043239D69E0009189BB /* TeamsListViewModel.swift */,
			);
			path = ViewModel;
			sourceTree = "<group>";
		};
		E38A1036239D642E009189BB /* NetworkUtility */ = {
			isa = PBXGroup;
			children = (
				E38A1045239D6B6D009189BB /* NetworkUtility.swift */,
				E38A1047239D6B76009189BB /* NetworkService.swift */,
			);
			path = NetworkUtility;
			sourceTree = "<group>";
		};
		E38A1037239D6441009189BB /* Model */ = {
			isa = PBXGroup;
			children = (
				E38A1049239D6BCB009189BB /* Teams.swift */,
			);
			path = Model;
			sourceTree = "<group>";
		};
		E38A103A239D65E7009189BB /* Delegates */ = {
			isa = PBXGroup;
			children = (
				E38A103D239D6604009189BB /* SearchBarDelegate.swift */,
			);
			path = Delegates;
			sourceTree = "<group>";
		};
		E38A103F239D6637009189BB /* DataSources */ = {
			isa = PBXGroup;
			children = (
				E38A103B239D65F5009189BB /* TableViewDataSource.swift */,
				E38A104B239D8239009189BB /* TableViewDelegate.swift */,
			);
			path = DataSources;
			sourceTree = "<group>";
		};
		E38A1040239D67FB009189BB /* TableViewCells */ = {
			isa = PBXGroup;
			children = (
				E38A1041239D6873009189BB /* TeamDataTableViewCell.swift */,
			);
			path = TableViewCells;
			sourceTree = "<group>";
		};
		E38A104E239D9E51009189BB /* Images */ = {
			isa = PBXGroup;
			children = (
				E38A1072239DAA02009189BB /* favorite.png */,
				E38A1050239D9EDB009189BB /* unfavorite.png */,
				E38A1070239DA81F009189BB /* placeholder.png */,
			);
			path = Images;
			sourceTree = "<group>";
		};
/* End PBXGroup section */

/* Begin PBXNativeTarget section */
		E38A100B239D5D9A009189BB /* VrboCodingChallenge */ = {
			isa = PBXNativeTarget;
			buildConfigurationList = E38A102B239D5D9D009189BB /* Build configuration list for PBXNativeTarget "VrboCodingChallenge" */;
			buildPhases = (
				C8A76D33ECD58C65041565C0 /* [CP] Check Pods Manifest.lock */,
				E38A1008239D5D9A009189BB /* Sources */,
				E38A1009239D5D9A009189BB /* Frameworks */,
				E38A100A239D5D9A009189BB /* Resources */,
				370B75C697D9B6C2CB9369F2 /* [CP] Embed Pods Frameworks */,
			);
			buildRules = (
			);
			dependencies = (
			);
			name = VrboCodingChallenge;
			productName = VrboCodingChallenge;
			productReference = E38A100C239D5D9A009189BB /* VrboCodingChallenge.app */;
			productType = "com.apple.product-type.application";
		};
		E38A1021239D5D9D009189BB /* VrboCodingChallengeTests */ = {
			isa = PBXNativeTarget;
			buildConfigurationList = E38A102E239D5D9D009189BB /* Build configuration list for PBXNativeTarget "VrboCodingChallengeTests" */;
			buildPhases = (
				E38A101E239D5D9D009189BB /* Sources */,
				E38A101F239D5D9D009189BB /* Frameworks */,
				E38A1020239D5D9D009189BB /* Resources */,
			);
			buildRules = (
			);
			dependencies = (
				E38A1024239D5D9D009189BB /* PBXTargetDependency */,
			);
			name = VrboCodingChallengeTests;
			productName = VrboCodingChallengeTests;
			productReference = E38A1022239D5D9D009189BB /* VrboCodingChallengeTests.xctest */;
			productType = "com.apple.product-type.bundle.unit-test";
		};
/* End PBXNativeTarget section */

/* Begin PBXProject section */
		E38A1004239D5D9A009189BB /* Project object */ = {
			isa = PBXProject;
			attributes = {
				LastSwiftUpdateCheck = 1110;
				LastUpgradeCheck = 1110;
				ORGANIZATIONNAME = "Jayesh Kawli";
				TargetAttributes = {
					E38A100B239D5D9A009189BB = {
						CreatedOnToolsVersion = 11.1;
					};
					E38A1021239D5D9D009189BB = {
						CreatedOnToolsVersion = 11.1;
						TestTargetID = E38A100B239D5D9A009189BB;
					};
				};
			};
			buildConfigurationList = E38A1007239D5D9A009189BB /* Build configuration list for PBXProject "VrboCodingChallenge" */;
			compatibilityVersion = "Xcode 9.3";
			developmentRegion = en;
			hasScannedForEncodings = 0;
			knownRegions = (
				en,
				Base,
			);
			mainGroup = E38A1003239D5D9A009189BB;
			productRefGroup = E38A100D239D5D9A009189BB /* Products */;
			projectDirPath = "";
			projectRoot = "";
			targets = (
				E38A100B239D5D9A009189BB /* VrboCodingChallenge */,
				E38A1021239D5D9D009189BB /* VrboCodingChallengeTests */,
			);
		};
/* End PBXProject section */

/* Begin PBXResourcesBuildPhase section */
		E38A100A239D5D9A009189BB /* Resources */ = {
			isa = PBXResourcesBuildPhase;
			buildActionMask = 2147483647;
			files = (
				E38A1052239D9EDB009189BB /* unfavorite.png in Resources */,
				E38A1073239DAA02009189BB /* favorite.png in Resources */,
				E38A101C239D5D9D009189BB /* LaunchScreen.storyboard in Resources */,
				E38A1071239DA81F009189BB /* placeholder.png in Resources */,
				E38A1019239D5D9D009189BB /* Assets.xcassets in Resources */,
			);
			runOnlyForDeploymentPostprocessing = 0;
		};
		E38A1020239D5D9D009189BB /* Resources */ = {
			isa = PBXResourcesBuildPhase;
			buildActionMask = 2147483647;
			files = (
			);
			runOnlyForDeploymentPostprocessing = 0;
		};
/* End PBXResourcesBuildPhase section */

/* Begin PBXShellScriptBuildPhase section */
		370B75C697D9B6C2CB9369F2 /* [CP] Embed Pods Frameworks */ = {
			isa = PBXShellScriptBuildPhase;
			buildActionMask = 2147483647;
			files = (
			);
			inputFileListPaths = (
				"${PODS_ROOT}/Target Support Files/Pods-VrboCodingChallenge/Pods-VrboCodingChallenge-frameworks-${CONFIGURATION}-input-files.xcfilelist",
			);
			name = "[CP] Embed Pods Frameworks";
			outputFileListPaths = (
				"${PODS_ROOT}/Target Support Files/Pods-VrboCodingChallenge/Pods-VrboCodingChallenge-frameworks-${CONFIGURATION}-output-files.xcfilelist",
			);
			runOnlyForDeploymentPostprocessing = 0;
			shellPath = /bin/sh;
			shellScript = "\"${PODS_ROOT}/Target Support Files/Pods-VrboCodingChallenge/Pods-VrboCodingChallenge-frameworks.sh\"\n";
			showEnvVarsInLog = 0;
		};
		C8A76D33ECD58C65041565C0 /* [CP] Check Pods Manifest.lock */ = {
			isa = PBXShellScriptBuildPhase;
			buildActionMask = 2147483647;
			files = (
			);
			inputFileListPaths = (
			);
			inputPaths = (
				"${PODS_PODFILE_DIR_PATH}/Podfile.lock",
				"${PODS_ROOT}/Manifest.lock",
			);
			name = "[CP] Check Pods Manifest.lock";
			outputFileListPaths = (
			);
			outputPaths = (
				"$(DERIVED_FILE_DIR)/Pods-VrboCodingChallenge-checkManifestLockResult.txt",
			);
			runOnlyForDeploymentPostprocessing = 0;
			shellPath = /bin/sh;
			shellScript = "diff \"${PODS_PODFILE_DIR_PATH}/Podfile.lock\" \"${PODS_ROOT}/Manifest.lock\" > /dev/null\nif [ $? != 0 ] ; then\n    # print error to STDERR\n    echo \"error: The sandbox is not in sync with the Podfile.lock. Run 'pod install' or update your CocoaPods installation.\" >&2\n    exit 1\nfi\n# This output is used by Xcode 'outputs' to avoid re-running this script phase.\necho \"SUCCESS\" > \"${SCRIPT_OUTPUT_FILE_0}\"\n";
			showEnvVarsInLog = 0;
		};
/* End PBXShellScriptBuildPhase section */

/* Begin PBXSourcesBuildPhase section */
		E38A1008239D5D9A009189BB /* Sources */ = {
			isa = PBXSourcesBuildPhase;
			buildActionMask = 2147483647;
			files = (
				E38A1048239D6B76009189BB /* NetworkService.swift in Sources */,
				E38A1039239D6592009189BB /* SearchScreenViewController.swift in Sources */,
				E38A1042239D6873009189BB /* TeamDataTableViewCell.swift in Sources */,
				E38A104C239D8239009189BB /* TableViewDelegate.swift in Sources */,
				E38A103E239D6604009189BB /* SearchBarDelegate.swift in Sources */,
				E38A1010239D5D9A009189BB /* AppDelegate.swift in Sources */,
				E38A1044239D69E0009189BB /* TeamsListViewModel.swift in Sources */,
				E38A103C239D65F5009189BB /* TableViewDataSource.swift in Sources */,
				E38A104A239D6BCB009189BB /* Teams.swift in Sources */,
				E38A1046239D6B6D009189BB /* NetworkUtility.swift in Sources */,
				E38A1075239DAE9F009189BB /* TeamDetailsViewController.swift in Sources */,
				E38A1012239D5D9A009189BB /* SceneDelegate.swift in Sources */,
			);
			runOnlyForDeploymentPostprocessing = 0;
		};
		E38A101E239D5D9D009189BB /* Sources */ = {
			isa = PBXSourcesBuildPhase;
			buildActionMask = 2147483647;
			files = (
				E38A1027239D5D9D009189BB /* VrboCodingChallengeTests.swift in Sources */,
			);
			runOnlyForDeploymentPostprocessing = 0;
		};
/* End PBXSourcesBuildPhase section */

/* Begin PBXTargetDependency section */
		E38A1024239D5D9D009189BB /* PBXTargetDependency */ = {
			isa = PBXTargetDependency;
			target = E38A100B239D5D9A009189BB /* VrboCodingChallenge */;
			targetProxy = E38A1023239D5D9D009189BB /* PBXContainerItemProxy */;
		};
/* End PBXTargetDependency section */

/* Begin PBXVariantGroup section */
		E38A101A239D5D9D009189BB /* LaunchScreen.storyboard */ = {
			isa = PBXVariantGroup;
			children = (
				E38A101B239D5D9D009189BB /* Base */,
			);
			name = LaunchScreen.storyboard;
			sourceTree = "<group>";
		};
/* End PBXVariantGroup section */

/* Begin XCBuildConfiguration section */
		E38A1029239D5D9D009189BB /* Debug */ = {
			isa = XCBuildConfiguration;
			buildSettings = {
				ALWAYS_SEARCH_USER_PATHS = NO;
				CLANG_ANALYZER_NONNULL = YES;
				CLANG_ANALYZER_NUMBER_OBJECT_CONVERSION = YES_AGGRESSIVE;
				CLANG_CXX_LANGUAGE_STANDARD = "gnu++14";
				CLANG_CXX_LIBRARY = "libc++";
				CLANG_ENABLE_MODULES = YES;
				CLANG_ENABLE_OBJC_ARC = YES;
				CLANG_ENABLE_OBJC_WEAK = YES;
				CLANG_WARN_BLOCK_CAPTURE_AUTORELEASING = YES;
				CLANG_WARN_BOOL_CONVERSION = YES;
				CLANG_WARN_COMMA = YES;
				CLANG_WARN_CONSTANT_CONVERSION = YES;
				CLANG_WARN_DEPRECATED_OBJC_IMPLEMENTATIONS = YES;
				CLANG_WARN_DIRECT_OBJC_ISA_USAGE = YES_ERROR;
				CLANG_WARN_DOCUMENTATION_COMMENTS = YES;
				CLANG_WARN_EMPTY_BODY = YES;
				CLANG_WARN_ENUM_CONVERSION = YES;
				CLANG_WARN_INFINITE_RECURSION = YES;
				CLANG_WARN_INT_CONVERSION = YES;
				CLANG_WARN_NON_LITERAL_NULL_CONVERSION = YES;
				CLANG_WARN_OBJC_IMPLICIT_RETAIN_SELF = YES;
				CLANG_WARN_OBJC_LITERAL_CONVERSION = YES;
				CLANG_WARN_OBJC_ROOT_CLASS = YES_ERROR;
				CLANG_WARN_RANGE_LOOP_ANALYSIS = YES;
				CLANG_WARN_STRICT_PROTOTYPES = YES;
				CLANG_WARN_SUSPICIOUS_MOVE = YES;
				CLANG_WARN_UNGUARDED_AVAILABILITY = YES_AGGRESSIVE;
				CLANG_WARN_UNREACHABLE_CODE = YES;
				CLANG_WARN__DUPLICATE_METHOD_MATCH = YES;
				COPY_PHASE_STRIP = NO;
				DEBUG_INFORMATION_FORMAT = dwarf;
				ENABLE_STRICT_OBJC_MSGSEND = YES;
				ENABLE_TESTABILITY = YES;
				GCC_C_LANGUAGE_STANDARD = gnu11;
				GCC_DYNAMIC_NO_PIC = NO;
				GCC_NO_COMMON_BLOCKS = YES;
				GCC_OPTIMIZATION_LEVEL = 0;
				GCC_PREPROCESSOR_DEFINITIONS = (
					"DEBUG=1",
					"$(inherited)",
				);
				GCC_WARN_64_TO_32_BIT_CONVERSION = YES;
				GCC_WARN_ABOUT_RETURN_TYPE = YES_ERROR;
				GCC_WARN_UNDECLARED_SELECTOR = YES;
				GCC_WARN_UNINITIALIZED_AUTOS = YES_AGGRESSIVE;
				GCC_WARN_UNUSED_FUNCTION = YES;
				GCC_WARN_UNUSED_VARIABLE = YES;
				IPHONEOS_DEPLOYMENT_TARGET = 13.1;
				MTL_ENABLE_DEBUG_INFO = INCLUDE_SOURCE;
				MTL_FAST_MATH = YES;
				ONLY_ACTIVE_ARCH = YES;
				SDKROOT = iphoneos;
				SWIFT_ACTIVE_COMPILATION_CONDITIONS = DEBUG;
				SWIFT_OPTIMIZATION_LEVEL = "-Onone";
			};
			name = Debug;
		};
		E38A102A239D5D9D009189BB /* Release */ = {
			isa = XCBuildConfiguration;
			buildSettings = {
				ALWAYS_SEARCH_USER_PATHS = NO;
				CLANG_ANALYZER_NONNULL = YES;
				CLANG_ANALYZER_NUMBER_OBJECT_CONVERSION = YES_AGGRESSIVE;
				CLANG_CXX_LANGUAGE_STANDARD = "gnu++14";
				CLANG_CXX_LIBRARY = "libc++";
				CLANG_ENABLE_MODULES = YES;
				CLANG_ENABLE_OBJC_ARC = YES;
				CLANG_ENABLE_OBJC_WEAK = YES;
				CLANG_WARN_BLOCK_CAPTURE_AUTORELEASING = YES;
				CLANG_WARN_BOOL_CONVERSION = YES;
				CLANG_WARN_COMMA = YES;
				CLANG_WARN_CONSTANT_CONVERSION = YES;
				CLANG_WARN_DEPRECATED_OBJC_IMPLEMENTATIONS = YES;
				CLANG_WARN_DIRECT_OBJC_ISA_USAGE = YES_ERROR;
				CLANG_WARN_DOCUMENTATION_COMMENTS = YES;
				CLANG_WARN_EMPTY_BODY = YES;
				CLANG_WARN_ENUM_CONVERSION = YES;
				CLANG_WARN_INFINITE_RECURSION = YES;
				CLANG_WARN_INT_CONVERSION = YES;
				CLANG_WARN_NON_LITERAL_NULL_CONVERSION = YES;
				CLANG_WARN_OBJC_IMPLICIT_RETAIN_SELF = YES;
				CLANG_WARN_OBJC_LITERAL_CONVERSION = YES;
				CLANG_WARN_OBJC_ROOT_CLASS = YES_ERROR;
				CLANG_WARN_RANGE_LOOP_ANALYSIS = YES;
				CLANG_WARN_STRICT_PROTOTYPES = YES;
				CLANG_WARN_SUSPICIOUS_MOVE = YES;
				CLANG_WARN_UNGUARDED_AVAILABILITY = YES_AGGRESSIVE;
				CLANG_WARN_UNREACHABLE_CODE = YES;
				CLANG_WARN__DUPLICATE_METHOD_MATCH = YES;
				COPY_PHASE_STRIP = NO;
				DEBUG_INFORMATION_FORMAT = "dwarf-with-dsym";
				ENABLE_NS_ASSERTIONS = NO;
				ENABLE_STRICT_OBJC_MSGSEND = YES;
				GCC_C_LANGUAGE_STANDARD = gnu11;
				GCC_NO_COMMON_BLOCKS = YES;
				GCC_WARN_64_TO_32_BIT_CONVERSION = YES;
				GCC_WARN_ABOUT_RETURN_TYPE = YES_ERROR;
				GCC_WARN_UNDECLARED_SELECTOR = YES;
				GCC_WARN_UNINITIALIZED_AUTOS = YES_AGGRESSIVE;
				GCC_WARN_UNUSED_FUNCTION = YES;
				GCC_WARN_UNUSED_VARIABLE = YES;
				IPHONEOS_DEPLOYMENT_TARGET = 13.1;
				MTL_ENABLE_DEBUG_INFO = NO;
				MTL_FAST_MATH = YES;
				SDKROOT = iphoneos;
				SWIFT_COMPILATION_MODE = wholemodule;
				SWIFT_OPTIMIZATION_LEVEL = "-O";
				VALIDATE_PRODUCT = YES;
			};
			name = Release;
		};
		E38A102C239D5D9D009189BB /* Debug */ = {
			isa = XCBuildConfiguration;
			baseConfigurationReference = 433AF2BCFF69D5D215C37138 /* Pods-VrboCodingChallenge.debug.xcconfig */;
			buildSettings = {
				ASSETCATALOG_COMPILER_APPICON_NAME = AppIcon;
				CODE_SIGN_STYLE = Automatic;
				INFOPLIST_FILE = VrboCodingChallenge/Info.plist;
				LD_RUNPATH_SEARCH_PATHS = (
					"$(inherited)",
					"@executable_path/Frameworks",
				);
				PRODUCT_BUNDLE_IDENTIFIER = sampleProject.VrboCodingChallenge;
				PRODUCT_NAME = "$(TARGET_NAME)";
				SWIFT_VERSION = 5.0;
				TARGETED_DEVICE_FAMILY = 1;
			};
			name = Debug;
		};
		E38A102D239D5D9D009189BB /* Release */ = {
			isa = XCBuildConfiguration;
			baseConfigurationReference = E2F8E009C3F6D5F43ADE1E93 /* Pods-VrboCodingChallenge.release.xcconfig */;
			buildSettings = {
				ASSETCATALOG_COMPILER_APPICON_NAME = AppIcon;
				CODE_SIGN_STYLE = Automatic;
				INFOPLIST_FILE = VrboCodingChallenge/Info.plist;
				LD_RUNPATH_SEARCH_PATHS = (
					"$(inherited)",
					"@executable_path/Frameworks",
				);
				PRODUCT_BUNDLE_IDENTIFIER = sampleProject.VrboCodingChallenge;
				PRODUCT_NAME = "$(TARGET_NAME)";
				SWIFT_VERSION = 5.0;
				TARGETED_DEVICE_FAMILY = 1;
			};
			name = Release;
		};
		E38A102F239D5D9D009189BB /* Debug */ = {
			isa = XCBuildConfiguration;
			buildSettings = {
				ALWAYS_EMBED_SWIFT_STANDARD_LIBRARIES = YES;
				BUNDLE_LOADER = "$(TEST_HOST)";
				CODE_SIGN_STYLE = Automatic;
				INFOPLIST_FILE = VrboCodingChallengeTests/Info.plist;
				IPHONEOS_DEPLOYMENT_TARGET = 13.1;
				LD_RUNPATH_SEARCH_PATHS = (
					"$(inherited)",
					"@executable_path/Frameworks",
					"@loader_path/Frameworks",
				);
				PRODUCT_BUNDLE_IDENTIFIER = sampleProject.VrboCodingChallengeTests;
				PRODUCT_NAME = "$(TARGET_NAME)";
				SWIFT_VERSION = 5.0;
				TARGETED_DEVICE_FAMILY = "1,2";
				TEST_HOST = "$(BUILT_PRODUCTS_DIR)/VrboCodingChallenge.app/VrboCodingChallenge";
			};
			name = Debug;
		};
		E38A1030239D5D9D009189BB /* Release */ = {
			isa = XCBuildConfiguration;
			buildSettings = {
				ALWAYS_EMBED_SWIFT_STANDARD_LIBRARIES = YES;
				BUNDLE_LOADER = "$(TEST_HOST)";
				CODE_SIGN_STYLE = Automatic;
				INFOPLIST_FILE = VrboCodingChallengeTests/Info.plist;
				IPHONEOS_DEPLOYMENT_TARGET = 13.1;
				LD_RUNPATH_SEARCH_PATHS = (
					"$(inherited)",
					"@executable_path/Frameworks",
					"@loader_path/Frameworks",
				);
				PRODUCT_BUNDLE_IDENTIFIER = sampleProject.VrboCodingChallengeTests;
				PRODUCT_NAME = "$(TARGET_NAME)";
				SWIFT_VERSION = 5.0;
				TARGETED_DEVICE_FAMILY = "1,2";
				TEST_HOST = "$(BUILT_PRODUCTS_DIR)/VrboCodingChallenge.app/VrboCodingChallenge";
			};
			name = Release;
		};
/* End XCBuildConfiguration section */

/* Begin XCConfigurationList section */
		E38A1007239D5D9A009189BB /* Build configuration list for PBXProject "VrboCodingChallenge" */ = {
			isa = XCConfigurationList;
			buildConfigurations = (
				E38A1029239D5D9D009189BB /* Debug */,
				E38A102A239D5D9D009189BB /* Release */,
			);
			defaultConfigurationIsVisible = 0;
			defaultConfigurationName = Release;
		};
		E38A102B239D5D9D009189BB /* Build configuration list for PBXNativeTarget "VrboCodingChallenge" */ = {
			isa = XCConfigurationList;
			buildConfigurations = (
				E38A102C239D5D9D009189BB /* Debug */,
				E38A102D239D5D9D009189BB /* Release */,
			);
			defaultConfigurationIsVisible = 0;
			defaultConfigurationName = Release;
		};
		E38A102E239D5D9D009189BB /* Build configuration list for PBXNativeTarget "VrboCodingChallengeTests" */ = {
			isa = XCConfigurationList;
			buildConfigurations = (
				E38A102F239D5D9D009189BB /* Debug */,
				E38A1030239D5D9D009189BB /* Release */,
			);
			defaultConfigurationIsVisible = 0;
			defaultConfigurationName = Release;
		};
/* End XCConfigurationList section */
	};
	rootObject = E38A1004239D5D9A009189BB /* Project object */;
}
